
Microsoft Visual Studio Solution File, Format Version 12.00
# Visual Studio Version 17
VisualStudioVersion = 17.1.32328.378
MinimumVisualStudioVersion = 10.0.40219.1
Project("{2150E333-8FDC-42A3-9474-1A3956D46DE8}") = "Applications", "Applications", "{EFE4F3B0-E510-44BE-91BF-5C284965314E}"
EndProject
Project("{9A19103F-16F7-4668-BE54-9A1E7A4F7556}") = "Lecture1", "Lecture1\Lecture1.csproj", "{BD85A9B6-498B-41FF-B788-05EB518096F2}"
EndProject
Project("{9A19103F-16F7-4668-BE54-9A1E7A4F7556}") = "ValueAndReferenceTypes", "ValueAndReferenceTypes\ValueAndReferenceTypes.csproj", "{279ED3C5-B579-4233-A884-914540AE3C52}"
EndProject
Project("{2150E333-8FDC-42A3-9474-1A3956D46DE8}") = "DataStructures", "DataStructures", "{B583480E-1EC1-4581-9F79-39C86D472B2D}"
EndProject
Project("{2150E333-8FDC-42A3-9474-1A3956D46DE8}") = "Arrays", "Arrays", "{7063DA1C-8C12-4E36-ACB5-386AE5D25ABC}"
EndProject
Project("{9A19103F-16F7-4668-BE54-9A1E7A4F7556}") = "Array", "Array\Array.csproj", "{43AF2D44-63CE-4ACE-92DA-5E3FB91412F5}"
EndProject
Project("{2150E333-8FDC-42A3-9474-1A3956D46DE8}") = "LinkedLists", "LinkedLists", "{6FBD9D76-F9B3-405F-A9CA-5A725A856CD4}"
EndProject
Project("{9A19103F-16F7-4668-BE54-9A1E7A4F7556}") = "SinglyLinkedList", "SinglyLinkedList\SinglyLinkedList.csproj", "{2CC630D0-2340-4C17-AEEC-EE3E2D26A0CB}"
EndProject
Project("{2150E333-8FDC-42A3-9474-1A3956D46DE8}") = "UI", "UI", "{30C71C07-300F-4B9A-B308-F28F162E394F}"
EndProject
Project("{9A19103F-16F7-4668-BE54-9A1E7A4F7556}") = "ArrayConsoleApp", "ArrayConsoleApp\ArrayConsoleApp.csproj", "{09D11DED-80AF-47C7-B7DB-94BD3AF1FBD4}"
EndProject
Project("{9A19103F-16F7-4668-BE54-9A1E7A4F7556}") = "RefAndOutConsoleApp", "RefAndOutConsoleApp\RefAndOutConsoleApp.csproj", "{C95EA54B-2734-4460-82F4-17DD4BCA0B29}"
EndProject
Project("{2150E333-8FDC-42A3-9474-1A3956D46DE8}") = "Tests", "Tests", "{805F4F10-D73B-44FF-8046-89B8E2ABBA04}"
EndProject
Project("{2150E333-8FDC-42A3-9474-1A3956D46DE8}") = "ApplicationTests", "ApplicationTests", "{F58D82EF-9F6F-4612-A31C-839E29EE4FB3}"
EndProject
Project("{9A19103F-16F7-4668-BE54-9A1E7A4F7556}") = "RefAndValueTypesTests", "RefAndValueTypesTests\RefAndValueTypesTests.csproj", "{82EF2E48-5695-40DF-B504-862F65C9DA04}"
EndProject
Project("{9A19103F-16F7-4668-BE54-9A1E7A4F7556}") = "ValueAndReferenceTypesTests", "ValueAndReferenceTypesTests\ValueAndReferenceTypesTests.csproj", "{802BE9B2-0140-40B7-B177-3B22DD00F275}"
EndProject
Project("{9A19103F-16F7-4668-BE54-9A1E7A4F7556}") = "TheLimitOfDataTypesTests", "TheLimitOfDataTypesTests\TheLimitOfDataTypesTests.csproj", "{00443A76-CE4A-4199-9A8A-2A6D43215BA1}"
EndProject
Project("{9A19103F-16F7-4668-BE54-9A1E7A4F7556}") = "LinkedListConsoleApp", "LinkedListConsoleApp\LinkedListConsoleApp.csproj", "{84AB23AD-BE78-4655-99F0-F80ACECEAA12}"
EndProject
Project("{9A19103F-16F7-4668-BE54-9A1E7A4F7556}") = "DoublyLinkedList", "DoublyLinkedList\DoublyLinkedList.csproj", "{9971EFFF-12A7-4936-B7DF-C17B1B983DB3}"
EndProject
Project("{2150E333-8FDC-42A3-9474-1A3956D46DE8}") = "Stacks", "Stacks", "{6C24D37B-2D6E-4E5E-8454-78C00B926477}"
EndProject
Project("{9A19103F-16F7-4668-BE54-9A1E7A4F7556}") = "Stack", "Stack\Stack.csproj", "{AC3A7DA8-A774-47F3-9D46-A6CCF2A88D19}"
EndProject
Project("{9A19103F-16F7-4668-BE54-9A1E7A4F7556}") = "StackConsoleApp", "StackConsoleApp\StackConsoleApp.csproj", "{22FB9503-D041-4B82-9B0F-6CB2AF75035E}"
EndProject
Project("{2150E333-8FDC-42A3-9474-1A3956D46DE8}") = "Queues", "Queues", "{90EA272F-05D0-4629-B9ED-32A2E9841377}"
EndProject
Project("{9A19103F-16F7-4668-BE54-9A1E7A4F7556}") = "Queue", "Queue\Queue.csproj", "{40B516D1-2F87-45BF-A8CD-E84F990A152A}"
EndProject
Project("{9A19103F-16F7-4668-BE54-9A1E7A4F7556}") = "QueueConsoleApp", "QueueConsoleApp\QueueConsoleApp.csproj", "{E9992427-A86E-49CE-BFBD-7C85C8924650}"
EndProject
Project("{9A19103F-16F7-4668-BE54-9A1E7A4F7556}") = "Recursion", "Recursion\Recursion.csproj", "{7083411E-57BB-40AF-9F78-ECFDD9AE4C7E}"
EndProject
Project("{9A19103F-16F7-4668-BE54-9A1E7A4F7556}") = "RecursionFactorialConsoleApp", "RecursionFactorialConsoleApp\RecursionFactorialConsoleApp.csproj", "{E6CDF77E-FC0E-462C-A0B5-DEB03F1692B5}"
EndProject
Project("{9A19103F-16F7-4668-BE54-9A1E7A4F7556}") = "RecursionTests", "RecursionTests\RecursionTests.csproj", "{2A05FC96-3BCA-4F36-848D-601BD1E0B1DA}"
EndProject
Project("{2150E333-8FDC-42A3-9474-1A3956D46DE8}") = "Trees", "Trees", "{2EC6089B-A31C-454D-A8F6-B31F2867C670}"
EndProject
Project("{2150E333-8FDC-42A3-9474-1A3956D46DE8}") = "BinaryTree", "BinaryTree", "{1855C7E2-4A76-4FEC-AEC6-3AFEA0EEDD70}"
EndProject
Project("{2150E333-8FDC-42A3-9474-1A3956D46DE8}") = "BinarySearchTree", "BinarySearchTree", "{1DBBAD55-19B0-4F06-9EA2-DAB4587BB33A}"
EndProject
Project("{9A19103F-16F7-4668-BE54-9A1E7A4F7556}") = "BST", "BST\BST.csproj", "{A1E624D7-7FF4-424C-9007-EDA4243EA653}"
EndProject
Project("{2150E333-8FDC-42A3-9474-1A3956D46DE8}") = "SortingAlgorithms", "SortingAlgorithms", "{554117DE-0A4C-4E5A-863E-790F48788505}"
EndProject
Project("{9A19103F-16F7-4668-BE54-9A1E7A4F7556}") = "SortingAlgorithm", "SortingAlgorithm\SortingAlgorithm.csproj", "{D3CB75B2-EFF6-401A-9A3A-AC03BAC544C1}"
EndProject
Project("{2150E333-8FDC-42A3-9474-1A3956D46DE8}") = "PriorityQueues", "PriorityQueues", "{98580FF8-7FBB-4691-B2A3-963C9367F269}"
EndProject
Project("{FAE04EC0-301F-11D3-BF4B-00C04F79EFBC}") = "PriorityQueue", "PriorityQueue\PriorityQueue.csproj", "{0CFB241C-CAD4-4B5F-A5AA-EA92688B7323}"
EndProject
Global
	GlobalSection(SolutionConfigurationPlatforms) = preSolution
		Debug|Any CPU = Debug|Any CPU
		Release|Any CPU = Release|Any CPU
	EndGlobalSection
	GlobalSection(ProjectConfigurationPlatforms) = postSolution
		{BD85A9B6-498B-41FF-B788-05EB518096F2}.Debug|Any CPU.ActiveCfg = Debug|Any CPU
		{BD85A9B6-498B-41FF-B788-05EB518096F2}.Debug|Any CPU.Build.0 = Debug|Any CPU
		{BD85A9B6-498B-41FF-B788-05EB518096F2}.Release|Any CPU.ActiveCfg = Release|Any CPU
		{BD85A9B6-498B-41FF-B788-05EB518096F2}.Release|Any CPU.Build.0 = Release|Any CPU
		{279ED3C5-B579-4233-A884-914540AE3C52}.Debug|Any CPU.ActiveCfg = Debug|Any CPU
		{279ED3C5-B579-4233-A884-914540AE3C52}.Debug|Any CPU.Build.0 = Debug|Any CPU
		{279ED3C5-B579-4233-A884-914540AE3C52}.Release|Any CPU.ActiveCfg = Release|Any CPU
		{279ED3C5-B579-4233-A884-914540AE3C52}.Release|Any CPU.Build.0 = Release|Any CPU
		{43AF2D44-63CE-4ACE-92DA-5E3FB91412F5}.Debug|Any CPU.ActiveCfg = Debug|Any CPU
		{43AF2D44-63CE-4ACE-92DA-5E3FB91412F5}.Debug|Any CPU.Build.0 = Debug|Any CPU
		{43AF2D44-63CE-4ACE-92DA-5E3FB91412F5}.Release|Any CPU.ActiveCfg = Release|Any CPU
		{43AF2D44-63CE-4ACE-92DA-5E3FB91412F5}.Release|Any CPU.Build.0 = Release|Any CPU
		{2CC630D0-2340-4C17-AEEC-EE3E2D26A0CB}.Debug|Any CPU.ActiveCfg = Debug|Any CPU
		{2CC630D0-2340-4C17-AEEC-EE3E2D26A0CB}.Debug|Any CPU.Build.0 = Debug|Any CPU
		{2CC630D0-2340-4C17-AEEC-EE3E2D26A0CB}.Release|Any CPU.ActiveCfg = Release|Any CPU
		{2CC630D0-2340-4C17-AEEC-EE3E2D26A0CB}.Release|Any CPU.Build.0 = Release|Any CPU
		{09D11DED-80AF-47C7-B7DB-94BD3AF1FBD4}.Debug|Any CPU.ActiveCfg = Debug|Any CPU
		{09D11DED-80AF-47C7-B7DB-94BD3AF1FBD4}.Debug|Any CPU.Build.0 = Debug|Any CPU
		{09D11DED-80AF-47C7-B7DB-94BD3AF1FBD4}.Release|Any CPU.ActiveCfg = Release|Any CPU
		{09D11DED-80AF-47C7-B7DB-94BD3AF1FBD4}.Release|Any CPU.Build.0 = Release|Any CPU
		{C95EA54B-2734-4460-82F4-17DD4BCA0B29}.Debug|Any CPU.ActiveCfg = Debug|Any CPU
		{C95EA54B-2734-4460-82F4-17DD4BCA0B29}.Debug|Any CPU.Build.0 = Debug|Any CPU
		{C95EA54B-2734-4460-82F4-17DD4BCA0B29}.Release|Any CPU.ActiveCfg = Release|Any CPU
		{C95EA54B-2734-4460-82F4-17DD4BCA0B29}.Release|Any CPU.Build.0 = Release|Any CPU
		{82EF2E48-5695-40DF-B504-862F65C9DA04}.Debug|Any CPU.ActiveCfg = Debug|Any CPU
		{82EF2E48-5695-40DF-B504-862F65C9DA04}.Debug|Any CPU.Build.0 = Debug|Any CPU
		{82EF2E48-5695-40DF-B504-862F65C9DA04}.Release|Any CPU.ActiveCfg = Release|Any CPU
		{82EF2E48-5695-40DF-B504-862F65C9DA04}.Release|Any CPU.Build.0 = Release|Any CPU
		{802BE9B2-0140-40B7-B177-3B22DD00F275}.Debug|Any CPU.ActiveCfg = Debug|Any CPU
		{802BE9B2-0140-40B7-B177-3B22DD00F275}.Debug|Any CPU.Build.0 = Debug|Any CPU
		{802BE9B2-0140-40B7-B177-3B22DD00F275}.Release|Any CPU.ActiveCfg = Release|Any CPU
		{802BE9B2-0140-40B7-B177-3B22DD00F275}.Release|Any CPU.Build.0 = Release|Any CPU
		{00443A76-CE4A-4199-9A8A-2A6D43215BA1}.Debug|Any CPU.ActiveCfg = Debug|Any CPU
		{00443A76-CE4A-4199-9A8A-2A6D43215BA1}.Debug|Any CPU.Build.0 = Debug|Any CPU
		{00443A76-CE4A-4199-9A8A-2A6D43215BA1}.Release|Any CPU.ActiveCfg = Release|Any CPU
		{00443A76-CE4A-4199-9A8A-2A6D43215BA1}.Release|Any CPU.Build.0 = Release|Any CPU
		{84AB23AD-BE78-4655-99F0-F80ACECEAA12}.Debug|Any CPU.ActiveCfg = Debug|Any CPU
		{84AB23AD-BE78-4655-99F0-F80ACECEAA12}.Debug|Any CPU.Build.0 = Debug|Any CPU
		{84AB23AD-BE78-4655-99F0-F80ACECEAA12}.Release|Any CPU.ActiveCfg = Release|Any CPU
		{84AB23AD-BE78-4655-99F0-F80ACECEAA12}.Release|Any CPU.Build.0 = Release|Any CPU
		{9971EFFF-12A7-4936-B7DF-C17B1B983DB3}.Debug|Any CPU.ActiveCfg = Debug|Any CPU
		{9971EFFF-12A7-4936-B7DF-C17B1B983DB3}.Debug|Any CPU.Build.0 = Debug|Any CPU
		{9971EFFF-12A7-4936-B7DF-C17B1B983DB3}.Release|Any CPU.ActiveCfg = Release|Any CPU
		{9971EFFF-12A7-4936-B7DF-C17B1B983DB3}.Release|Any CPU.Build.0 = Release|Any CPU
		{AC3A7DA8-A774-47F3-9D46-A6CCF2A88D19}.Debug|Any CPU.ActiveCfg = Debug|Any CPU
		{AC3A7DA8-A774-47F3-9D46-A6CCF2A88D19}.Debug|Any CPU.Build.0 = Debug|Any CPU
		{AC3A7DA8-A774-47F3-9D46-A6CCF2A88D19}.Release|Any CPU.ActiveCfg = Release|Any CPU
		{AC3A7DA8-A774-47F3-9D46-A6CCF2A88D19}.Release|Any CPU.Build.0 = Release|Any CPU
		{22FB9503-D041-4B82-9B0F-6CB2AF75035E}.Debug|Any CPU.ActiveCfg = Debug|Any CPU
		{22FB9503-D041-4B82-9B0F-6CB2AF75035E}.Debug|Any CPU.Build.0 = Debug|Any CPU
		{22FB9503-D041-4B82-9B0F-6CB2AF75035E}.Release|Any CPU.ActiveCfg = Release|Any CPU
		{22FB9503-D041-4B82-9B0F-6CB2AF75035E}.Release|Any CPU.Build.0 = Release|Any CPU
		{40B516D1-2F87-45BF-A8CD-E84F990A152A}.Debug|Any CPU.ActiveCfg = Debug|Any CPU
		{40B516D1-2F87-45BF-A8CD-E84F990A152A}.Debug|Any CPU.Build.0 = Debug|Any CPU
		{40B516D1-2F87-45BF-A8CD-E84F990A152A}.Release|Any CPU.ActiveCfg = Release|Any CPU
		{40B516D1-2F87-45BF-A8CD-E84F990A152A}.Release|Any CPU.Build.0 = Release|Any CPU
		{E9992427-A86E-49CE-BFBD-7C85C8924650}.Debug|Any CPU.ActiveCfg = Debug|Any CPU
		{E9992427-A86E-49CE-BFBD-7C85C8924650}.Debug|Any CPU.Build.0 = Debug|Any CPU
		{E9992427-A86E-49CE-BFBD-7C85C8924650}.Release|Any CPU.ActiveCfg = Release|Any CPU
		{E9992427-A86E-49CE-BFBD-7C85C8924650}.Release|Any CPU.Build.0 = Release|Any CPU
		{7083411E-57BB-40AF-9F78-ECFDD9AE4C7E}.Debug|Any CPU.ActiveCfg = Debug|Any CPU
		{7083411E-57BB-40AF-9F78-ECFDD9AE4C7E}.Debug|Any CPU.Build.0 = Debug|Any CPU
		{7083411E-57BB-40AF-9F78-ECFDD9AE4C7E}.Release|Any CPU.ActiveCfg = Release|Any CPU
		{7083411E-57BB-40AF-9F78-ECFDD9AE4C7E}.Release|Any CPU.Build.0 = Release|Any CPU
		{E6CDF77E-FC0E-462C-A0B5-DEB03F1692B5}.Debug|Any CPU.ActiveCfg = Debug|Any CPU
		{E6CDF77E-FC0E-462C-A0B5-DEB03F1692B5}.Debug|Any CPU.Build.0 = Debug|Any CPU
		{E6CDF77E-FC0E-462C-A0B5-DEB03F1692B5}.Release|Any CPU.ActiveCfg = Release|Any CPU
		{E6CDF77E-FC0E-462C-A0B5-DEB03F1692B5}.Release|Any CPU.Build.0 = Release|Any CPU
		{2A05FC96-3BCA-4F36-848D-601BD1E0B1DA}.Debug|Any CPU.ActiveCfg = Debug|Any CPU
		{2A05FC96-3BCA-4F36-848D-601BD1E0B1DA}.Debug|Any CPU.Build.0 = Debug|Any CPU
		{2A05FC96-3BCA-4F36-848D-601BD1E0B1DA}.Release|Any CPU.ActiveCfg = Release|Any CPU
		{2A05FC96-3BCA-4F36-848D-601BD1E0B1DA}.Release|Any CPU.Build.0 = Release|Any CPU
		{A1E624D7-7FF4-424C-9007-EDA4243EA653}.Debug|Any CPU.ActiveCfg = Debug|Any CPU
		{A1E624D7-7FF4-424C-9007-EDA4243EA653}.Debug|Any CPU.Build.0 = Debug|Any CPU
		{A1E624D7-7FF4-424C-9007-EDA4243EA653}.Release|Any CPU.ActiveCfg = Release|Any CPU
		{A1E624D7-7FF4-424C-9007-EDA4243EA653}.Release|Any CPU.Build.0 = Release|Any CPU
		{D3CB75B2-EFF6-401A-9A3A-AC03BAC544C1}.Debug|Any CPU.ActiveCfg = Debug|Any CPU
		{D3CB75B2-EFF6-401A-9A3A-AC03BAC544C1}.Debug|Any CPU.Build.0 = Debug|Any CPU
		{D3CB75B2-EFF6-401A-9A3A-AC03BAC544C1}.Release|Any CPU.ActiveCfg = Release|Any CPU
		{D3CB75B2-EFF6-401A-9A3A-AC03BAC544C1}.Release|Any CPU.Build.0 = Release|Any CPU
		{0CFB241C-CAD4-4B5F-A5AA-EA92688B7323}.Debug|Any CPU.ActiveCfg = Debug|Any CPU
		{0CFB241C-CAD4-4B5F-A5AA-EA92688B7323}.Debug|Any CPU.Build.0 = Debug|Any CPU
		{0CFB241C-CAD4-4B5F-A5AA-EA92688B7323}.Release|Any CPU.ActiveCfg = Release|Any CPU
		{0CFB241C-CAD4-4B5F-A5AA-EA92688B7323}.Release|Any CPU.Build.0 = Release|Any CPU
	EndGlobalSection
	GlobalSection(SolutionProperties) = preSolution
		HideSolutionNode = FALSE
	EndGlobalSection
	GlobalSection(NestedProjects) = preSolution
		{BD85A9B6-498B-41FF-B788-05EB518096F2} = {EFE4F3B0-E510-44BE-91BF-5C284965314E}
		{279ED3C5-B579-4233-A884-914540AE3C52} = {EFE4F3B0-E510-44BE-91BF-5C284965314E}
		{7063DA1C-8C12-4E36-ACB5-386AE5D25ABC} = {B583480E-1EC1-4581-9F79-39C86D472B2D}
		{43AF2D44-63CE-4ACE-92DA-5E3FB91412F5} = {7063DA1C-8C12-4E36-ACB5-386AE5D25ABC}
		{6FBD9D76-F9B3-405F-A9CA-5A725A856CD4} = {B583480E-1EC1-4581-9F79-39C86D472B2D}
		{2CC630D0-2340-4C17-AEEC-EE3E2D26A0CB} = {6FBD9D76-F9B3-405F-A9CA-5A725A856CD4}
		{09D11DED-80AF-47C7-B7DB-94BD3AF1FBD4} = {30C71C07-300F-4B9A-B308-F28F162E394F}
		{C95EA54B-2734-4460-82F4-17DD4BCA0B29} = {30C71C07-300F-4B9A-B308-F28F162E394F}
		{F58D82EF-9F6F-4612-A31C-839E29EE4FB3} = {805F4F10-D73B-44FF-8046-89B8E2ABBA04}
		{82EF2E48-5695-40DF-B504-862F65C9DA04} = {F58D82EF-9F6F-4612-A31C-839E29EE4FB3}
		{802BE9B2-0140-40B7-B177-3B22DD00F275} = {F58D82EF-9F6F-4612-A31C-839E29EE4FB3}
		{00443A76-CE4A-4199-9A8A-2A6D43215BA1} = {F58D82EF-9F6F-4612-A31C-839E29EE4FB3}
		{84AB23AD-BE78-4655-99F0-F80ACECEAA12} = {30C71C07-300F-4B9A-B308-F28F162E394F}
		{9971EFFF-12A7-4936-B7DF-C17B1B983DB3} = {6FBD9D76-F9B3-405F-A9CA-5A725A856CD4}
		{6C24D37B-2D6E-4E5E-8454-78C00B926477} = {B583480E-1EC1-4581-9F79-39C86D472B2D}
		{AC3A7DA8-A774-47F3-9D46-A6CCF2A88D19} = {6C24D37B-2D6E-4E5E-8454-78C00B926477}
		{22FB9503-D041-4B82-9B0F-6CB2AF75035E} = {30C71C07-300F-4B9A-B308-F28F162E394F}
		{90EA272F-05D0-4629-B9ED-32A2E9841377} = {B583480E-1EC1-4581-9F79-39C86D472B2D}
		{40B516D1-2F87-45BF-A8CD-E84F990A152A} = {90EA272F-05D0-4629-B9ED-32A2E9841377}
		{E9992427-A86E-49CE-BFBD-7C85C8924650} = {30C71C07-300F-4B9A-B308-F28F162E394F}
		{7083411E-57BB-40AF-9F78-ECFDD9AE4C7E} = {EFE4F3B0-E510-44BE-91BF-5C284965314E}
		{E6CDF77E-FC0E-462C-A0B5-DEB03F1692B5} = {30C71C07-300F-4B9A-B308-F28F162E394F}
		{2A05FC96-3BCA-4F36-848D-601BD1E0B1DA} = {F58D82EF-9F6F-4612-A31C-839E29EE4FB3}
		{2EC6089B-A31C-454D-A8F6-B31F2867C670} = {B583480E-1EC1-4581-9F79-39C86D472B2D}
		{1855C7E2-4A76-4FEC-AEC6-3AFEA0EEDD70} = {2EC6089B-A31C-454D-A8F6-B31F2867C670}
		{1DBBAD55-19B0-4F06-9EA2-DAB4587BB33A} = {2EC6089B-A31C-454D-A8F6-B31F2867C670}
		{A1E624D7-7FF4-424C-9007-EDA4243EA653} = {1DBBAD55-19B0-4F06-9EA2-DAB4587BB33A}
		{554117DE-0A4C-4E5A-863E-790F48788505} = {B583480E-1EC1-4581-9F79-39C86D472B2D}
		{D3CB75B2-EFF6-401A-9A3A-AC03BAC544C1} = {554117DE-0A4C-4E5A-863E-790F48788505}
		{98580FF8-7FBB-4691-B2A3-963C9367F269} = {B583480E-1EC1-4581-9F79-39C86D472B2D}
		{0CFB241C-CAD4-4B5F-A5AA-EA92688B7323} = {98580FF8-7FBB-4691-B2A3-963C9367F269}
	EndGlobalSection
	GlobalSection(ExtensibilityGlobals) = postSolution
		SolutionGuid = {0865559A-0322-4718-8BE5-D836E07C89F5}
	EndGlobalSection
EndGlobal
